Microsoft Visual Studio Solution File, Format Version 12.00
# Visual Studio Version 17
VisualStudioVersion = 17.5.2.0
MinimumVisualStudioVersion = 10.0.40219.1
Project("{2150E333-8FDC-42A3-9474-1A3956D46DE8}") = "nom_de_ton_env", "nom_de_ton_env", "{21DFC31C-79EC-AC0D-74D5-5AFDD6AAE29A}"
EndProject
Project("{2150E333-8FDC-42A3-9474-1A3956D46DE8}") = "lib", "lib", "{65CD310A-99F6-8FB2-DA08-5A590CE0D8A4}"
EndProject
Project("{2150E333-8FDC-42A3-9474-1A3956D46DE8}") = "python3.10", "python3.10", "{2F2A49E0-C3F5-89ED-A4A3-60441650E337}"
EndProject
Project("{2150E333-8FDC-42A3-9474-1A3956D46DE8}") = "site-packages", "site-packages", "{86A0C3E6-ECE7-7655-0E6D-229B0CBBF22C}"
EndProject
Project("{2150E333-8FDC-42A3-9474-1A3956D46DE8}") = "pymavlink", "pymavlink", "{61986D2A-F0E4-08E7-2F31-6D2FF920CAF3}"
EndProject
Project("{2150E333-8FDC-42A3-9474-1A3956D46DE8}") = "generator", "generator", "{C935D7CD-5663-EFE5-7698-1F6BA0A7D016}"
EndProject
Project("{FAE04EC0-301F-11D3-BF4B-00C04F79EFBC}") = "MAVLink", "nom_de_ton_env\lib\python3.10\site-packages\pymavlink\generator\CS\MAVLink.csproj", "{A9BC399E-11DA-FA6F-4D7B-8E80C6E2C8F3}"
EndProject
Project("{2150E333-8FDC-42A3-9474-1A3956D46DE8}") = "python3.9", "python3.9", "{6554FDD1-7AAC-1298-9BD0-D1EBF3D996EA}"
EndProject
Project("{2150E333-8FDC-42A3-9474-1A3956D46DE8}") = "site-packages", "site-packages", "{E89FB5B2-D63C-9C6C-8279-195FBD69701B}"
EndProject
Project("{2150E333-8FDC-42A3-9474-1A3956D46DE8}") = "pymavlink", "pymavlink", "{5D32EFD4-E2C9-5E66-840B-E44F11805733}"
EndProject
Project("{2150E333-8FDC-42A3-9474-1A3956D46DE8}") = "generator", "generator", "{5FE92A49-D143-6E9F-C73C-97FE33F8D76A}"
EndProject
Project("{FAE04EC0-301F-11D3-BF4B-00C04F79EFBC}") = "MAVLink", "nom_de_ton_env\lib\python3.9\site-packages\pymavlink\generator\CS\MAVLink.csproj", "{289540D2-0115-A7F7-042D-97EC12794CEB}"
EndProject
Global
	GlobalSection(SolutionConfigurationPlatforms) = preSolution
		Debug|Any CPU = Debug|Any CPU
		Release|Any CPU = Release|Any CPU
	EndGlobalSection
	GlobalSection(ProjectConfigurationPlatforms) = postSolution
		{A9BC399E-11DA-FA6F-4D7B-8E80C6E2C8F3}.Debug|Any CPU.ActiveCfg = Debug|Any CPU
		{A9BC399E-11DA-FA6F-4D7B-8E80C6E2C8F3}.Debug|Any CPU.Build.0 = Debug|Any CPU
		{A9BC399E-11DA-FA6F-4D7B-8E80C6E2C8F3}.Release|Any CPU.ActiveCfg = Release|Any CPU
		{A9BC399E-11DA-FA6F-4D7B-8E80C6E2C8F3}.Release|Any CPU.Build.0 = Release|Any CPU
		{289540D2-0115-A7F7-042D-97EC12794CEB}.Debug|Any CPU.ActiveCfg = Debug|Any CPU
		{289540D2-0115-A7F7-042D-97EC12794CEB}.Debug|Any CPU.Build.0 = Debug|Any CPU
		{289540D2-0115-A7F7-042D-97EC12794CEB}.Release|Any CPU.ActiveCfg = Release|Any CPU
		{289540D2-0115-A7F7-042D-97EC12794CEB}.Release|Any CPU.Build.0 = Release|Any CPU
	EndGlobalSection
	GlobalSection(SolutionProperties) = preSolution
		HideSolutionNode = FALSE
	EndGlobalSection
	GlobalSection(NestedProjects) = preSolution
		{65CD310A-99F6-8FB2-DA08-5A590CE0D8A4} = {21DFC31C-79EC-AC0D-74D5-5AFDD6AAE29A}
		{2F2A49E0-C3F5-89ED-A4A3-60441650E337} = {65CD310A-99F6-8FB2-DA08-5A590CE0D8A4}
		{86A0C3E6-ECE7-7655-0E6D-229B0CBBF22C} = {2F2A49E0-C3F5-89ED-A4A3-60441650E337}
		{61986D2A-F0E4-08E7-2F31-6D2FF920CAF3} = {86A0C3E6-ECE7-7655-0E6D-229B0CBBF22C}
		{C935D7CD-5663-EFE5-7698-1F6BA0A7D016} = {61986D2A-F0E4-08E7-2F31-6D2FF920CAF3}
		{A9BC399E-11DA-FA6F-4D7B-8E80C6E2C8F3} = {C935D7CD-5663-EFE5-7698-1F6BA0A7D016}
		{6554FDD1-7AAC-1298-9BD0-D1EBF3D996EA} = {65CD310A-99F6-8FB2-DA08-5A590CE0D8A4}
		{E89FB5B2-D63C-9C6C-8279-195FBD69701B} = {6554FDD1-7AAC-1298-9BD0-D1EBF3D996EA}
		{5D32EFD4-E2C9-5E66-840B-E44F11805733} = {E89FB5B2-D63C-9C6C-8279-195FBD69701B}
		{5FE92A49-D143-6E9F-C73C-97FE33F8D76A} = {5D32EFD4-E2C9-5E66-840B-E44F11805733}
		{289540D2-0115-A7F7-042D-97EC12794CEB} = {5FE92A49-D143-6E9F-C73C-97FE33F8D76A}
	EndGlobalSection
	GlobalSection(ExtensibilityGlobals) = postSolution
		SolutionGuid = {502F8C64-7F98-4084-9E16-230247035A31}
	EndGlobalSection
EndGlobal
